// !$*UTF8*$!
{
	archiveVersion = 1;
	classes = {
	};
	objectVersion = 46;
	objects = {

/* Begin PBXBuildFile section */
		EB31F5AB1885FB2400FC398D /* bypeople.png in Resources */ = {isa = PBXBuildFile; fileRef = EB31F5AA1885FB2400FC398D /* bypeople.png */; };
		EB6AECDD1885A1130047EF08 /* bottombutton1.png in Resources */ = {isa = PBXBuildFile; fileRef = EB6AECDA1885A1130047EF08 /* bottombutton1.png */; };
		EB6AECDE1885A1130047EF08 /* topbutton1.png in Resources */ = {isa = PBXBuildFile; fileRef = EB6AECDB1885A1130047EF08 /* topbutton1.png */; };
		EB6AECDF1885A1130047EF08 /* middlebutton1.png in Resources */ = {isa = PBXBuildFile; fileRef = EB6AECDC1885A1130047EF08 /* middlebutton1.png */; };
		EB6AECE21885C82C0047EF08 /* WebViewCustom.m in Sources */ = {isa = PBXBuildFile; fileRef = EB6AECE11885C82C0047EF08 /* WebViewCustom.m */; };
		EB6AECE41885D5950047EF08 /* ViewController_iPad.xib in Resources */ = {isa = PBXBuildFile; fileRef = EB6AECE31885D5950047EF08 /* ViewController_iPad.xib */; };
		EBAEC0B518859AF0003DA133 /* Foundation.framework in Frameworks */ = {isa = PBXBuildFile; fileRef = EBAEC0B418859AF0003DA133 /* Foundation.framework */; };
		EBAEC0B718859AF0003DA133 /* CoreGraphics.framework in Frameworks */ = {isa = PBXBuildFile; fileRef = EBAEC0B618859AF0003DA133 /* CoreGraphics.framework */; };
		EBAEC0B918859AF0003DA133 /* UIKit.framework in Frameworks */ = {isa = PBXBuildFile; fileRef = EBAEC0B818859AF0003DA133 /* UIKit.framework */; };
		EBAEC0BF18859AF0003DA133 /* InfoPlist.strings in Resources */ = {isa = PBXBuildFile; fileRef = EBAEC0BD18859AF0003DA133 /* InfoPlist.strings */; };
		EBAEC0C118859AF0003DA133 /* main.m in Sources */ = {isa = PBXBuildFile; fileRef = EBAEC0C018859AF0003DA133 /* main.m */; };
		EBAEC0C518859AF0003DA133 /* AppDelegate.m in Sources */ = {isa = PBXBuildFile; fileRef = EBAEC0C418859AF0003DA133 /* AppDelegate.m */; };
		EBAEC0C818859AF0003DA133 /* Main.storyboard in Resources */ = {isa = PBXBuildFile; fileRef = EBAEC0C618859AF0003DA133 /* Main.storyboard */; };
		EBAEC0CB18859AF0003DA133 /* ViewController.m in Sources */ = {isa = PBXBuildFile; fileRef = EBAEC0CA18859AF0003DA133 /* ViewController.m */; };
		EBAEC0CD18859AF0003DA133 /* Images.xcassets in Resources */ = {isa = PBXBuildFile; fileRef = EBAEC0CC18859AF0003DA133 /* Images.xcassets */; };
		EBAEC0D418859AF0003DA133 /* XCTest.framework in Frameworks */ = {isa = PBXBuildFile; fileRef = EBAEC0D318859AF0003DA133 /* XCTest.framework */; };
		EBAEC0D518859AF0003DA133 /* Foundation.framework in Frameworks */ = {isa = PBXBuildFile; fileRef = EBAEC0B418859AF0003DA133 /* Foundation.framework */; };
		EBAEC0D618859AF0003DA133 /* UIKit.framework in Frameworks */ = {isa = PBXBuildFile; fileRef = EBAEC0B818859AF0003DA133 /* UIKit.framework */; };
		EBAEC0DE18859AF0003DA133 /* InfoPlist.strings in Resources */ = {isa = PBXBuildFile; fileRef = EBAEC0DC18859AF0003DA133 /* InfoPlist.strings */; };
		EBAEC0E018859AF0003DA133 /* WR_WelfareTests.m in Sources */ = {isa = PBXBuildFile; fileRef = EBAEC0DF18859AF0003DA133 /* WR_WelfareTests.m */; };
/* End PBXBuildFile section */

/* Begin PBXContainerItemProxy section */
		EBAEC0D718859AF0003DA133 /* PBXContainerItemProxy */ = {
			isa = PBXContainerItemProxy;
			containerPortal = EBAEC0A918859AF0003DA133 /* Project object */;
			proxyType = 1;
			remoteGlobalIDString = EBAEC0B018859AF0003DA133;
			remoteInfo = WR_Welfare;
		};
/* End PBXContainerItemProxy section */

/* Begin PBXFileReference section */
		EB31F5AA1885FB2400FC398D /* bypeople.png */ = {isa = PBXFileReference; lastKnownFileType = image.png; path = bypeople.png; sourceTree = "<group>"; };
		EB6AECDA1885A1130047EF08 /* bottombutton1.png */ = {isa = PBXFileReference; lastKnownFileType = image.png; path = bottombutton1.png; sourceTree = "<group>"; };
		EB6AECDB1885A1130047EF08 /* topbutton1.png */ = {isa = PBXFileReference; lastKnownFileType = image.png; path = topbutton1.png; sourceTree = "<group>"; };
		EB6AECDC1885A1130047EF08 /* middlebutton1.png */ = {isa = PBXFileReference; lastKnownFileType = image.png; path = middlebutton1.png; sourceTree = "<group>"; };
		EB6AECE01885C82C0047EF08 /* WebViewCustom.h */ = {isa = PBXFileReference; fileEncoding = 4; lastKnownFileType = sourcecode.c.h; path = WebViewCustom.h; sourceTree = "<group>"; };
		EB6AECE11885C82C0047EF08 /* WebViewCustom.m */ = {isa = PBXFileReference; fileEncoding = 4; lastKnownFileType = sourcecode.c.objc; path = WebViewCustom.m; sourceTree = "<group>"; };
		EB6AECE31885D5950047EF08 /* ViewController_iPad.xib */ = {isa = PBXFileReference; fileEncoding = 4; lastKnownFileType = file.xib; path = ViewController_iPad.xib; sourceTree = "<group>"; };
		EBAEC0B118859AF0003DA133 /* WR_Welfare.app */ = {isa = PBXFileReference; explicitFileType = wrapper.application; includeInIndex = 0; path = WR_Welfare.app; sourceTree = BUILT_PRODUCTS_DIR; };
		EBAEC0B418859AF0003DA133 /* Foundation.framework */ = {isa = PBXFileReference; lastKnownFileType = wrapper.framework; name = Foundation.framework; path = System/Library/Frameworks/Foundation.framework; sourceTree = SDKROOT; };
		EBAEC0B618859AF0003DA133 /* CoreGraphics.framework */ = {isa = PBXFileReference; lastKnownFileType = wrapper.framework; name = CoreGraphics.framework; path = System/Library/Frameworks/CoreGraphics.framework; sourceTree = SDKROOT; };
		EBAEC0B818859AF0003DA133 /* UIKit.framework */ = {isa = PBXFileReference; lastKnownFileType = wrapper.framework; name = UIKit.framework; path = System/Library/Frameworks/UIKit.framework; sourceTree = SDKROOT; };
		EBAEC0BC18859AF0003DA133 /* WR_Welfare-Info.plist */ = {isa = PBXFileReference; lastKnownFileType = text.plist.xml; path = "WR_Welfare-Info.plist"; sourceTree = "<group>"; };
		EBAEC0BE18859AF0003DA133 /* en */ = {isa = PBXFileReference; lastKnownFileType = text.plist.strings; name = en; path = en.lproj/InfoPlist.strings; sourceTree = "<group>"; };
		EBAEC0C018859AF0003DA133 /* main.m */ = {isa = PBXFileReference; lastKnownFileType = sourcecode.c.objc; path = main.m; sourceTree = "<group>"; };
		EBAEC0C218859AF0003DA133 /* WR_Welfare-Prefix.pch */ = {isa = PBXFileReference; lastKnownFileType = sourcecode.c.h; path = "WR_Welfare-Prefix.pch"; sourceTree = "<group>"; };
		EBAEC0C318859AF0003DA133 /* AppDelegate.h */ = {isa = PBXFileReference; lastKnownFileType = sourcecode.c.h; path = AppDelegate.h; sourceTree = "<group>"; };
		EBAEC0C418859AF0003DA133 /* AppDelegate.m */ = {isa = PBXFileReference; lastKnownFileType = sourcecode.c.objc; path = AppDelegate.m; sourceTree = "<group>"; };
		EBAEC0C718859AF0003DA133 /* Base */ = {isa = PBXFileReference; lastKnownFileType = file.storyboard; name = Base; path = Base.lproj/Main.storyboard; sourceTree = "<group>"; };
		EBAEC0C918859AF0003DA133 /* ViewController.h */ = {isa = PBXFileReference; lastKnownFileType = sourcecode.c.h; path = ViewController.h; sourceTree = "<group>"; };
		EBAEC0CA18859AF0003DA133 /* ViewController.m */ = {isa = PBXFileReference; lastKnownFileType = sourcecode.c.objc; path = ViewController.m; sourceTree = "<group>"; };
		EBAEC0CC18859AF0003DA133 /* Images.xcassets */ = {isa = PBXFileReference; lastKnownFileType = folder.assetcatalog; path = Images.xcassets; sourceTree = "<group>"; };
		EBAEC0D218859AF0003DA133 /* WR_WelfareTests.xctest */ = {isa = PBXFileReference; explicitFileType = wrapper.cfbundle; includeInIndex = 0; path = WR_WelfareTests.xctest; sourceTree = BUILT_PRODUCTS_DIR; };
		EBAEC0D318859AF0003DA133 /* XCTest.framework */ = {isa = PBXFileReference; lastKnownFileType = wrapper.framework; name = XCTest.framework; path = Library/Frameworks/XCTest.framework; sourceTree = DEVELOPER_DIR; };
		EBAEC0DB18859AF0003DA133 /* WR_WelfareTests-Info.plist */ = {isa = PBXFileReference; lastKnownFileType = text.plist.xml; path = "WR_WelfareTests-Info.plist"; sourceTree = "<group>"; };
		EBAEC0DD18859AF0003DA133 /* en */ = {isa = PBXFileReference; lastKnownFileType = text.plist.strings; name = en; path = en.lproj/InfoPlist.strings; sourceTree = "<group>"; };
		EBAEC0DF18859AF0003DA133 /* WR_WelfareTests.m */ = {isa = PBXFileReference; lastKnownFileType = sourcecode.c.objc; path = WR_WelfareTests.m; sourceTree = "<group>"; };
/* End PBXFileReference section */

/* Begin PBXFrameworksBuildPhase section */
		EBAEC0AE18859AF0003DA133 /* Frameworks */ = {
			isa = PBXFrameworksBuildPhase;
			buildActionMask = 2147483647;
			files = (
				EBAEC0B718859AF0003DA133 /* CoreGraphics.framework in Frameworks */,
				EBAEC0B918859AF0003DA133 /* UIKit.framework in Frameworks */,
				EBAEC0B518859AF0003DA133 /* Foundation.framework in Frameworks */,
			);
			runOnlyForDeploymentPostprocessing = 0;
		};
		EBAEC0CF18859AF0003DA133 /* Frameworks */ = {
			isa = PBXFrameworksBuildPhase;
			buildActionMask = 2147483647;
			files = (
				EBAEC0D418859AF0003DA133 /* XCTest.framework in Frameworks */,
				EBAEC0D618859AF0003DA133 /* UIKit.framework in Frameworks */,
				EBAEC0D518859AF0003DA133 /* Foundation.framework in Frameworks */,
			);
			runOnlyForDeploymentPostprocessing = 0;
		};
/* End PBXFrameworksBuildPhase section */

/* Begin PBXGroup section */
		EBAEC0A818859AF0003DA133 = {
			isa = PBXGroup;
			children = (
				EBAEC0BA18859AF0003DA133 /* WR_Welfare */,
				EBAEC0D918859AF0003DA133 /* WR_WelfareTests */,
				EBAEC0B318859AF0003DA133 /* Frameworks */,
				EBAEC0B218859AF0003DA133 /* Products */,
			);
			sourceTree = "<group>";
		};
		EBAEC0B218859AF0003DA133 /* Products */ = {
			isa = PBXGroup;
			children = (
				EBAEC0B118859AF0003DA133 /* WR_Welfare.app */,
				EBAEC0D218859AF0003DA133 /* WR_WelfareTests.xctest */,
			);
			name = Products;
			sourceTree = "<group>";
		};
		EBAEC0B318859AF0003DA133 /* Frameworks */ = {
			isa = PBXGroup;
			children = (
				EBAEC0B418859AF0003DA133 /* Foundation.framework */,
				EBAEC0B618859AF0003DA133 /* CoreGraphics.framework */,
				EBAEC0B818859AF0003DA133 /* UIKit.framework */,
				EBAEC0D318859AF0003DA133 /* XCTest.framework */,
			);
			name = Frameworks;
			sourceTree = "<group>";
		};
		EBAEC0BA18859AF0003DA133 /* WR_Welfare */ = {
			isa = PBXGroup;
			children = (
				EBAEC0C318859AF0003DA133 /* AppDelegate.h */,
				EBAEC0C418859AF0003DA133 /* AppDelegate.m */,
				EBAEC0C618859AF0003DA133 /* Main.storyboard */,
				EBAEC0C918859AF0003DA133 /* ViewController.h */,
				EBAEC0CA18859AF0003DA133 /* ViewController.m */,
				EB6AECE01885C82C0047EF08 /* WebViewCustom.h */,
				EB6AECE11885C82C0047EF08 /* WebViewCustom.m */,
				EB6AECDA1885A1130047EF08 /* bottombutton1.png */,
				EB31F5AA1885FB2400FC398D /* bypeople.png */,
				EB6AECDB1885A1130047EF08 /* topbutton1.png */,
				EB6AECDC1885A1130047EF08 /* middlebutton1.png */,
				EB6AECE31885D5950047EF08 /* ViewController_iPad.xib */,
				EBAEC0CC18859AF0003DA133 /* Images.xcassets */,
				EBAEC0BB18859AF0003DA133 /* Supporting Files */,
			);
			path = WR_Welfare;
			sourceTree = "<group>";
		};
		EBAEC0BB18859AF0003DA133 /* Supporting Files */ = {
			isa = PBXGroup;
			children = (
				EBAEC0BC18859AF0003DA133 /* WR_Welfare-Info.plist */,
				EBAEC0BD18859AF0003DA133 /* InfoPlist.strings */,
				EBAEC0C018859AF0003DA133 /* main.m */,
				EBAEC0C218859AF0003DA133 /* WR_Welfare-Prefix.pch */,
			);
			name = "Supporting Files";
			sourceTree = "<group>";
		};
		EBAEC0D918859AF0003DA133 /* WR_WelfareTests */ = {
			isa = PBXGroup;
			children = (
				EBAEC0DF18859AF0003DA133 /* WR_WelfareTests.m */,
				EBAEC0DA18859AF0003DA133 /* Supporting Files */,
			);
			path = WR_WelfareTests;
			sourceTree = "<group>";
		};
		EBAEC0DA18859AF0003DA133 /* Supporting Files */ = {
			isa = PBXGroup;
			children = (
				EBAEC0DB18859AF0003DA133 /* WR_WelfareTests-Info.plist */,
				EBAEC0DC18859AF0003DA133 /* InfoPlist.strings */,
			);
			name = "Supporting Files";
			sourceTree = "<group>";
		};
/* End PBXGroup section */

/* Begin PBXNativeTarget section */
		EBAEC0B018859AF0003DA133 /* WR_Welfare */ = {
			isa = PBXNativeTarget;
			buildConfigurationList = EBAEC0E318859AF0003DA133 /* Build configuration list for PBXNativeTarget "WR_Welfare" */;
			buildPhases = (
				EBAEC0AD18859AF0003DA133 /* Sources */,
				EBAEC0AE18859AF0003DA133 /* Frameworks */,
				EBAEC0AF18859AF0003DA133 /* Resources */,
			);
			buildRules = (
			);
			dependencies = (
			);
			name = WR_Welfare;
			productName = WR_Welfare;
			productReference = EBAEC0B118859AF0003DA133 /* WR_Welfare.app */;
			productType = "com.apple.product-type.application";
		};
		EBAEC0D118859AF0003DA133 /* WR_WelfareTests */ = {
			isa = PBXNativeTarget;
			buildConfigurationList = EBAEC0E618859AF0003DA133 /* Build configuration list for PBXNativeTarget "WR_WelfareTests" */;
			buildPhases = (
				EBAEC0CE18859AF0003DA133 /* Sources */,
				EBAEC0CF18859AF0003DA133 /* Frameworks */,
				EBAEC0D018859AF0003DA133 /* Resources */,
			);
			buildRules = (
			);
			dependencies = (
				EBAEC0D818859AF0003DA133 /* PBXTargetDependency */,
			);
			name = WR_WelfareTests;
			productName = WR_WelfareTests;
			productReference = EBAEC0D218859AF0003DA133 /* WR_WelfareTests.xctest */;
			productType = "com.apple.product-type.bundle.unit-test";
		};
/* End PBXNativeTarget section */

/* Begin PBXProject section */
		EBAEC0A918859AF0003DA133 /* Project object */ = {
			isa = PBXProject;
			attributes = {
				LastUpgradeCheck = 0500;
				ORGANIZATIONNAME = "Sony Theakanath";
				TargetAttributes = {
					EBAEC0D118859AF0003DA133 = {
						TestTargetID = EBAEC0B018859AF0003DA133;
					};
				};
			};
			buildConfigurationList = EBAEC0AC18859AF0003DA133 /* Build configuration list for PBXProject "WR_Welfare" */;
			compatibilityVersion = "Xcode 3.2";
			developmentRegion = English;
			hasScannedForEncodings = 0;
			knownRegions = (
				en,
				Base,
			);
			mainGroup = EBAEC0A818859AF0003DA133;
			productRefGroup = EBAEC0B218859AF0003DA133 /* Products */;
			projectDirPath = "";
			projectRoot = "";
			targets = (
				EBAEC0B018859AF0003DA133 /* WR_Welfare */,
				EBAEC0D118859AF0003DA133 /* WR_WelfareTests */,
			);
		};
/* End PBXProject section */

/* Begin PBXResourcesBuildPhase section */
		EBAEC0AF18859AF0003DA133 /* Resources */ = {
			isa = PBXResourcesBuildPhase;
			buildActionMask = 2147483647;
			files = (
				EBAEC0CD18859AF0003DA133 /* Images.xcassets in Resources */,
				EBAEC0BF18859AF0003DA133 /* InfoPlist.strings in Resources */,
				EB6AECDF1885A1130047EF08 /* middlebutton1.png in Resources */,
				EB6AECE41885D5950047EF08 /* ViewController_iPad.xib in Resources */,
				EB6AECDD1885A1130047EF08 /* bottombutton1.png in Resources */,
				EBAEC0C818859AF0003DA133 /* Main.storyboard in Resources */,
				EB6AECDE1885A1130047EF08 /* topbutton1.png in Resources */,
				EB31F5AB1885FB2400FC398D /* bypeople.png in Resources */,
			);
			runOnlyForDeploymentPostprocessing = 0;
		};
		EBAEC0D018859AF0003DA133 /* Resources */ = {
			isa = PBXResourcesBuildPhase;
			buildActionMask = 2147483647;
			files = (
				EBAEC0DE18859AF0003DA133 /* InfoPlist.strings in Resources */,
			);
			runOnlyForDeploymentPostprocessing = 0;
		};
/* End PBXResourcesBuildPhase section */

/* Begin PBXSourcesBuildPhase section */
		EBAEC0AD18859AF0003DA133 /* Sources */ = {
			isa = PBXSourcesBuildPhase;
			buildActionMask = 2147483647;
			files = (
				EBAEC0CB18859AF0003DA133 /* ViewController.m in Sources */,
				EB6AECE21885C82C0047EF08 /* WebViewCustom.m in Sources */,
				EBAEC0C518859AF0003DA133 /* AppDelegate.m in Sources */,
				EBAEC0C118859AF0003DA133 /* main.m in Sources */,
			);
			runOnlyForDeploymentPostprocessing = 0;
		};
		EBAEC0CE18859AF0003DA133 /* Sources */ = {
			isa = PBXSourcesBuildPhase;
			buildActionMask = 2147483647;
			files = (
				EBAEC0E018859AF0003DA133 /* WR_WelfareTests.m in Sources */,
			);
			runOnlyForDeploymentPostprocessing = 0;
		};
/* End PBXSourcesBuildPhase section */

/* Begin PBXTargetDependency section */
		EBAEC0D818859AF0003DA133 /* PBXTargetDependency */ = {
			isa = PBXTargetDependency;
			target = EBAEC0B018859AF0003DA133 /* WR_Welfare */;
			targetProxy = EBAEC0D718859AF0003DA133 /* PBXContainerItemProxy */;
		};
/* End PBXTargetDependency section */

/* Begin PBXVariantGroup section */
		EBAEC0BD18859AF0003DA133 /* InfoPlist.strings */ = {
			isa = PBXVariantGroup;
			children = (
				EBAEC0BE18859AF0003DA133 /* en */,
			);
			name = InfoPlist.strings;
			sourceTree = "<group>";
		};
		EBAEC0C618859AF0003DA133 /* Main.storyboard */ = {
			isa = PBXVariantGroup;
			children = (
				EBAEC0C718859AF0003DA133 /* Base */,
			);
			name = Main.storyboard;
			sourceTree = "<group>";
		};
		EBAEC0DC18859AF0003DA133 /* InfoPlist.strings */ = {
			isa = PBXVariantGroup;
			children = (
				EBAEC0DD18859AF0003DA133 /* en */,
			);
			name = InfoPlist.strings;
			sourceTree = "<group>";
		};
/* End PBXVariantGroup section */

/* Begin XCBuildConfiguration section */
		EBAEC0E118859AF0003DA133 /* Debug */ = {
			isa = XCBuildConfiguration;
			buildSettings = {
				ALWAYS_SEARCH_USER_PATHS = NO;
				ARCHS = "$(ARCHS_STANDARD_INCLUDING_64_BIT)";
				CLANG_CXX_LANGUAGE_STANDARD = "gnu++0x";
				CLANG_CXX_LIBRARY = "libc++";
				CLANG_ENABLE_MODULES = YES;
				CLANG_ENABLE_OBJC_ARC = YES;
				CLANG_WARN_BOOL_CONVERSION = YES;
				CLANG_WARN_CONSTANT_CONVERSION = YES;
				CLANG_WARN_DIRECT_OBJC_ISA_USAGE = YES_ERROR;
				CLANG_WARN_EMPTY_BODY = YES;
				CLANG_WARN_ENUM_CONVERSION = YES;
				CLANG_WARN_INT_CONVERSION = YES;
				CLANG_WARN_OBJC_ROOT_CLASS = YES_ERROR;
				CLANG_WARN__DUPLICATE_METHOD_MATCH = YES;
				"CODE_SIGN_IDENTITY[sdk=iphoneos*]" = "iPhone Developer";
				COPY_PHASE_STRIP = NO;
				GCC_C_LANGUAGE_STANDARD = gnu99;
				GCC_DYNAMIC_NO_PIC = NO;
				GCC_OPTIMIZATION_LEVEL = 0;
				GCC_PREPROCESSOR_DEFINITIONS = (
					"DEBUG=1",
					"$(inherited)",
				);
				GCC_SYMBOLS_PRIVATE_EXTERN = NO;
				GCC_WARN_64_TO_32_BIT_CONVERSION = YES;
				GCC_WARN_ABOUT_RETURN_TYPE = YES_ERROR;
				GCC_WARN_UNDECLARED_SELECTOR = YES;
				GCC_WARN_UNINITIALIZED_AUTOS = YES;
				GCC_WARN_UNUSED_FUNCTION = YES;
				GCC_WARN_UNUSED_VARIABLE = YES;
				IPHONEOS_DEPLOYMENT_TARGET = 7.0;
				ONLY_ACTIVE_ARCH = YES;
				SDKROOT = iphoneos;
				TARGETED_DEVICE_FAMILY = 2;
			};
			name = Debug;
		};
		EBAEC0E218859AF0003DA133 /* Release */ = {
			isa = XCBuildConfiguration;
			buildSettings = {
				ALWAYS_SEARCH_USER_PATHS = NO;
				ARCHS = "$(ARCHS_STANDARD_INCLUDING_64_BIT)";
				CLANG_CXX_LANGUAGE_STANDARD = "gnu++0x";
				CLANG_CXX_LIBRARY = "libc++";
				CLANG_ENABLE_MODULES = YES;
				CLANG_ENABLE_OBJC_ARC = YES;
				CLANG_WARN_BOOL_CONVERSION = YES;
				CLANG_WARN_CONSTANT_CONVERSION = YES;
				CLANG_WARN_DIRECT_OBJC_ISA_USAGE = YES_ERROR;
				CLANG_WARN_EMPTY_BODY = YES;
				CLANG_WARN_ENUM_CONVERSION = YES;
				CLANG_WARN_INT_CONVERSION = YES;
				CLANG_WARN_OBJC_ROOT_CLASS = YES_ERROR;
				CLANG_WARN__DUPLICATE_METHOD_MATCH = YES;
				"CODE_SIGN_IDENTITY[sdk=iphoneos*]" = "iPhone Developer";
				COPY_PHASE_STRIP = YES;
				ENABLE_NS_ASSERTIONS = NO;
				GCC_C_LANGUAGE_STANDARD = gnu99;
				GCC_WARN_64_TO_32_BIT_CONVERSION = YES;
				GCC_WARN_ABOUT_RETURN_TYPE = YES_ERROR;
				GCC_WARN_UNDECLARED_SELECTOR = YES;
				GCC_WARN_UNINITIALIZED_AUTOS = YES;
				GCC_WARN_UNUSED_FUNCTION = YES;
				GCC_WARN_UNUSED_VARIABLE = YES;
				IPHONEOS_DEPLOYMENT_TARGET = 7.0;
				SDKROOT = iphoneos;
				TARGETED_DEVICE_FAMILY = 2;
				VALIDATE_PRODUCT = YES;
			};
			name = Release;
		};
		EBAEC0E418859AF0003DA133 /* Debug */ = {
			isa = XCBuildConfiguration;
			buildSettings = {
				ASSETCATALOG_COMPILER_APPICON_NAME = AppIcon;
				ASSETCATALOG_COMPILER_LAUNCHIMAGE_NAME = LaunchImage;
				GCC_PRECOMPILE_PREFIX_HEADER = YES;
				GCC_PREFIX_HEADER = "WR_Welfare/WR_Welfare-Prefix.pch";
				INFOPLIST_FILE = "WR_Welfare/WR_Welfare-Info.plist";
				PRODUCT_NAME = "$(TARGET_NAME)";
				WRAPPER_EXTENSION = app;
			};
			name = Debug;
		};
		EBAEC0E518859AF0003DA133 /* Release */ = {
			isa = XCBuildConfiguration;
			buildSettings = {
				ASSETCATALOG_COMPILER_APPICON_NAME = AppIcon;
				ASSETCATALOG_COMPILER_LAUNCHIMAGE_NAME = LaunchImage;
				GCC_PRECOMPILE_PREFIX_HEADER = YES;
				GCC_PREFIX_HEADER = "WR_Welfare/WR_Welfare-Prefix.pch";
				INFOPLIST_FILE = "WR_Welfare/WR_Welfare-Info.plist";
				PRODUCT_NAME = "$(TARGET_NAME)";
				WRAPPER_EXTENSION = app;
			};
			name = Release;
		};
		EBAEC0E718859AF0003DA133 /* Debug */ = {
			isa = XCBuildConfiguration;
			buildSettings = {
				ARCHS = "$(ARCHS_STANDARD_INCLUDING_64_BIT)";
				BUNDLE_LOADER = "$(BUILT_PRODUCTS_DIR)/WR_Welfare.app/WR_Welfare";
				FRAMEWORK_SEARCH_PATHS = (
					"$(SDKROOT)/Developer/Library/Frameworks",
					"$(inherited)",
					"$(DEVELOPER_FRAMEWORKS_DIR)",
				);
				GCC_PRECOMPILE_PREFIX_HEADER = YES;
				GCC_PREFIX_HEADER = "WR_Welfare/WR_Welfare-Prefix.pch";
				GCC_PREPROCESSOR_DEFINITIONS = (
					"DEBUG=1",
					"$(inherited)",
				);
				INFOPLIST_FILE = "WR_WelfareTests/WR_WelfareTests-Info.plist";
				PRODUCT_NAME = "$(TARGET_NAME)";
				TEST_HOST = "$(BUNDLE_LOADER)";
				WRAPPER_EXTENSION = xctest;
			};
			name = Debug;
		};
		EBAEC0E818859AF0003DA133 /* Release */ = {
			isa = XCBuildConfiguration;
			buildSettings = {
				ARCHS = "$(ARCHS_STANDARD_INCLUDING_64_BIT)";
				BUNDLE_LOADER = "$(BUILT_PRODUCTS_DIR)/WR_Welfare.app/WR_Welfare";
				FRAMEWORK_SEARCH_PATHS = (
					"$(SDKROOT)/Developer/Library/Frameworks",
					"$(inherited)",
					"$(DEVELOPER_FRAMEWORKS_DIR)",
				);
				GCC_PRECOMPILE_PREFIX_HEADER = YES;
				GCC_PREFIX_HEADER = "WR_Welfare/WR_Welfare-Prefix.pch";
				INFOPLIST_FILE = "WR_WelfareTests/WR_WelfareTests-Info.plist";
				PRODUCT_NAME = "$(TARGET_NAME)";
				TEST_HOST = "$(BUNDLE_LOADER)";
				WRAPPER_EXTENSION = xctest;
			};
			name = Release;
		};
/* End XCBuildConfiguration section */

/* Begin XCConfigurationList section */
		EBAEC0AC18859AF0003DA133 /* Build configuration list for PBXProject "WR_Welfare" */ = {
			isa = XCConfigurationList;
			buildConfigurations = (
				EBAEC0E118859AF0003DA133 /* Debug */,
				EBAEC0E218859AF0003DA133 /* Release */,
			);
			defaultConfigurationIsVisible = 0;
			defaultConfigurationName = Release;
		};
		EBAEC0E318859AF0003DA133 /* Build configuration list for PBXNativeTarget "WR_Welfare" */ = {
			isa = XCConfigurationList;
			buildConfigurations = (
				EBAEC0E418859AF0003DA133 /* Debug */,
				EBAEC0E518859AF0003DA133 /* Release */,
			);
			defaultConfigurationIsVisible = 0;
			defaultConfigurationName = Release;
		};
		EBAEC0E618859AF0003DA133 /* Build configuration list for PBXNativeTarget "WR_WelfareTests" */ = {
			isa = XCConfigurationList;
			buildConfigurations = (
				EBAEC0E718859AF0003DA133 /* Debug */,
				EBAEC0E818859AF0003DA133 /* Release */,
			);
			defaultConfigurationIsVisible = 0;
			defaultConfigurationName = Release;
		};
/* End XCConfigurationList section */
	};
	rootObject = EBAEC0A918859AF0003DA133 /* Project object */;
}
